
Microsoft Visual Studio Solution File, Format Version 12.00
# Visual Studio Version 16
VisualStudioVersion = 16.0.30621.155
MinimumVisualStudioVersion = 10.0.40219.1
Project("{FAE04EC0-301F-11D3-BF4B-00C04F79EFBC}") = "MyFirstWebApp", "MyFirstWebApp\MyFirstWebApp.csproj", "{D925117F-F328-4FB9-96E3-AC9A10A1B47F}"
EndProject
Global
	GlobalSection(SolutionConfigurationPlatforms) = preSolution
		Debug|Any CPU = Debug|Any CPU
		Release|Any CPU = Release|Any CPU
	EndGlobalSection
	GlobalSection(ProjectConfigurationPlatforms) = postSolution
		{D925117F-F328-4FB9-96E3-AC9A10A1B47F}.Debug|Any CPU.ActiveCfg = Debug|Any CPU
		{D925117F-F328-4FB9-96E3-AC9A10A1B47F}.Debug|Any CPU.Build.0 = Debug|Any CPU
		{D925117F-F328-4FB9-96E3-AC9A10A1B47F}.Release|Any CPU.ActiveCfg = Release|Any CPU
		{D925117F-F328-4FB9-96E3-AC9A10A1B47F}.Release|Any CPU.Build.0 = Release|Any CPU
	EndGlobalSection
	GlobalSection(SolutionProperties) = preSolution
		HideSolutionNode = FALSE
	EndGlobalSection
	GlobalSection(ExtensibilityGlobals) = postSolution
		SolutionGuid = {55F3700E-77DD-4321-AE15-1B3345D5E26F}
	EndGlobalSection
EndGlobal
